
Microsoft Visual Studio Solution File, Format Version 12.00
# Visual Studio Version 16
VisualStudioVersion = 16.0.29728.190
MinimumVisualStudioVersion = 10.0.40219.1
Project("{FAE04EC0-301F-11D3-BF4B-00C04F79EFBC}") = "Leetcode-Arrays", "Leetcode-Arrays.csproj", "{4A69F869-BDA3-481E-B3DE-420DD7E92824}"
EndProject
Global
	GlobalSection(SolutionConfigurationPlatforms) = preSolution
		Debug|Any CPU = Debug|Any CPU
		Release|Any CPU = Release|Any CPU
	EndGlobalSection
	GlobalSection(ProjectConfigurationPlatforms) = postSolution
		{4A69F869-BDA3-481E-B3DE-420DD7E92824}.Debug|Any CPU.ActiveCfg = Debug|Any CPU
		{4A69F869-BDA3-481E-B3DE-420DD7E92824}.Debug|Any CPU.Build.0 = Debug|Any CPU
		{4A69F869-BDA3-481E-B3DE-420DD7E92824}.Release|Any CPU.ActiveCfg = Release|Any CPU
		{4A69F869-BDA3-481E-B3DE-420DD7E92824}.Release|Any CPU.Build.0 = Release|Any CPU
	EndGlobalSection
	GlobalSection(SolutionProperties) = preSolution
		HideSolutionNode = FALSE
	EndGlobalSection
	GlobalSection(ExtensibilityGlobals) = postSolution
		SolutionGuid = {73030CDB-1F6E-4373-A4C4-733F50463F7A}
	EndGlobalSection
EndGlobal
